
Microsoft Visual Studio Solution File, Format Version 12.00
# Visual Studio Version 17
VisualStudioVersion = 17.4.33110.190
MinimumVisualStudioVersion = 10.0.40219.1
Project("{FAE04EC0-301F-11D3-BF4B-00C04F79EFBC}") = "ChatGPTApis", "ChatGPTApis\ChatGPTApis.csproj", "{BC69B077-08A7-44AF-90FE-51A8D87A37BB}"
EndProject
Global
	GlobalSection(SolutionConfigurationPlatforms) = preSolution
		Debug|Any CPU = Debug|Any CPU
		Release|Any CPU = Release|Any CPU
	EndGlobalSection
	GlobalSection(ProjectConfigurationPlatforms) = postSolution
		{BC69B077-08A7-44AF-90FE-51A8D87A37BB}.Debug|Any CPU.ActiveCfg = Debug|Any CPU
		{BC69B077-08A7-44AF-90FE-51A8D87A37BB}.Debug|Any CPU.Build.0 = Debug|Any CPU
		{BC69B077-08A7-44AF-90FE-51A8D87A37BB}.Release|Any CPU.ActiveCfg = Release|Any CPU
		{BC69B077-08A7-44AF-90FE-51A8D87A37BB}.Release|Any CPU.Build.0 = Release|Any CPU
	EndGlobalSection
	GlobalSection(SolutionProperties) = preSolution
		HideSolutionNode = FALSE
	EndGlobalSection
	GlobalSection(ExtensibilityGlobals) = postSolution
		SolutionGuid = {F002E58B-6F89-478A-B0CC-4F3708322C44}
	EndGlobalSection
EndGlobal
